
Microsoft Visual Studio Solution File, Format Version 12.00
# Visual Studio Version 16
VisualStudioVersion = 16.0.31605.320
MinimumVisualStudioVersion = 10.0.40219.1
Project("{FAE04EC0-301F-11D3-BF4B-00C04F79EFBC}") = "MJ Basic App GitHub", "MJ Basic App GitHub\MJ Basic App GitHub.csproj", "{0E19A608-2699-4FC2-90CA-630D0DE10664}"
EndProject
Project("{FAE04EC0-301F-11D3-BF4B-00C04F79EFBC}") = "BasicAppTest", "BasicAppTest\BasicAppTest.csproj", "{201ABA65-A0AA-45D4-B575-2E84CD957C40}"
EndProject
Global
	GlobalSection(SolutionConfigurationPlatforms) = preSolution
		Debug|Any CPU = Debug|Any CPU
		Release|Any CPU = Release|Any CPU
	EndGlobalSection
	GlobalSection(ProjectConfigurationPlatforms) = postSolution
		{0E19A608-2699-4FC2-90CA-630D0DE10664}.Debug|Any CPU.ActiveCfg = Debug|Any CPU
		{0E19A608-2699-4FC2-90CA-630D0DE10664}.Debug|Any CPU.Build.0 = Debug|Any CPU
		{0E19A608-2699-4FC2-90CA-630D0DE10664}.Release|Any CPU.ActiveCfg = Release|Any CPU
		{0E19A608-2699-4FC2-90CA-630D0DE10664}.Release|Any CPU.Build.0 = Release|Any CPU
		{201ABA65-A0AA-45D4-B575-2E84CD957C40}.Debug|Any CPU.ActiveCfg = Debug|Any CPU
		{201ABA65-A0AA-45D4-B575-2E84CD957C40}.Debug|Any CPU.Build.0 = Debug|Any CPU
		{201ABA65-A0AA-45D4-B575-2E84CD957C40}.Release|Any CPU.ActiveCfg = Release|Any CPU
		{201ABA65-A0AA-45D4-B575-2E84CD957C40}.Release|Any CPU.Build.0 = Release|Any CPU
	EndGlobalSection
	GlobalSection(SolutionProperties) = preSolution
		HideSolutionNode = FALSE
	EndGlobalSection
	GlobalSection(ExtensibilityGlobals) = postSolution
		SolutionGuid = {AADA5C0F-E8B2-40F1-A15D-9D5A6E6E3C1C}
	EndGlobalSection
EndGlobal
